// !$*UTF8*$!
{
	archiveVersion = 1;
	classes = {
	};
	objectVersion = 46;
	objects = {

/* Begin PBXBuildFile section */
		4BEC48501D547CCB00DD061D /* AppDelegate.swift in Sources */ = {isa = PBXBuildFile; fileRef = 4BEC484F1D547CCB00DD061D /* AppDelegate.swift */; };
		4BEC48521D547CCB00DD061D /* ViewController.swift in Sources */ = {isa = PBXBuildFile; fileRef = 4BEC48511D547CCB00DD061D /* ViewController.swift */; };
		4BEC48551D547CCB00DD061D /* Main.storyboard in Resources */ = {isa = PBXBuildFile; fileRef = 4BEC48531D547CCB00DD061D /* Main.storyboard */; };
		4BEC48571D547CCB00DD061D /* Assets.xcassets in Resources */ = {isa = PBXBuildFile; fileRef = 4BEC48561D547CCB00DD061D /* Assets.xcassets */; };
		4BEC485A1D547CCB00DD061D /* LaunchScreen.storyboard in Resources */ = {isa = PBXBuildFile; fileRef = 4BEC48581D547CCB00DD061D /* LaunchScreen.storyboard */; };
		4BEC48651D547CCB00DD061D /* LogPlayerTests.swift in Sources */ = {isa = PBXBuildFile; fileRef = 4BEC48641D547CCB00DD061D /* LogPlayerTests.swift */; };
		4BEC48701D547CDC00DD061D /* 1.txt in Resources */ = {isa = PBXBuildFile; fileRef = 4BEC486F1D547CDC00DD061D /* 1.txt */; };
		4BEC48721D547D4000DD061D /* MLLogParser.swift in Sources */ = {isa = PBXBuildFile; fileRef = 4BEC48711D547D4000DD061D /* MLLogParser.swift */; };
		4BEC48741D547D5800DD061D /* MLLogPlayer.swift in Sources */ = {isa = PBXBuildFile; fileRef = 4BEC48731D547D5800DD061D /* MLLogPlayer.swift */; };
		4BEC487D1D54874900DD061D /* MyFstream.cpp in Sources */ = {isa = PBXBuildFile; fileRef = 4BEC48791D54874900DD061D /* MyFstream.cpp */; };
		4BEC48811D5487C800DD061D /* MLFStream.mm in Sources */ = {isa = PBXBuildFile; fileRef = 4BEC48801D5487C800DD061D /* MLFStream.mm */; };
/* End PBXBuildFile section */

/* Begin PBXContainerItemProxy section */
		4BEC48611D547CCB00DD061D /* PBXContainerItemProxy */ = {
			isa = PBXContainerItemProxy;
			containerPortal = 4BEC48441D547CCB00DD061D /* Project object */;
			proxyType = 1;
			remoteGlobalIDString = 4BEC484B1D547CCB00DD061D;
			remoteInfo = LogPlayer;
		};
/* End PBXContainerItemProxy section */

/* Begin PBXFileReference section */
		4BEC484C1D547CCB00DD061D /* LogPlayer.app */ = {isa = PBXFileReference; explicitFileType = wrapper.application; includeInIndex = 0; path = LogPlayer.app; sourceTree = BUILT_PRODUCTS_DIR; };
		4BEC484F1D547CCB00DD061D /* AppDelegate.swift */ = {isa = PBXFileReference; lastKnownFileType = sourcecode.swift; path = AppDelegate.swift; sourceTree = "<group>"; };
		4BEC48511D547CCB00DD061D /* ViewController.swift */ = {isa = PBXFileReference; lastKnownFileType = sourcecode.swift; path = ViewController.swift; sourceTree = "<group>"; };
		4BEC48541D547CCB00DD061D /* Base */ = {isa = PBXFileReference; lastKnownFileType = file.storyboard; name = Base; path = Base.lproj/Main.storyboard; sourceTree = "<group>"; };
		4BEC48561D547CCB00DD061D /* Assets.xcassets */ = {isa = PBXFileReference; lastKnownFileType = folder.assetcatalog; path = Assets.xcassets; sourceTree = "<group>"; };
		4BEC48591D547CCB00DD061D /* Base */ = {isa = PBXFileReference; lastKnownFileType = file.storyboard; name = Base; path = Base.lproj/LaunchScreen.storyboard; sourceTree = "<group>"; };
		4BEC485B1D547CCB00DD061D /* Info.plist */ = {isa = PBXFileReference; lastKnownFileType = text.plist.xml; path = Info.plist; sourceTree = "<group>"; };
		4BEC48601D547CCB00DD061D /* LogPlayerTests.xctest */ = {isa = PBXFileReference; explicitFileType = wrapper.cfbundle; includeInIndex = 0; path = LogPlayerTests.xctest; sourceTree = BUILT_PRODUCTS_DIR; };
		4BEC48641D547CCB00DD061D /* LogPlayerTests.swift */ = {isa = PBXFileReference; lastKnownFileType = sourcecode.swift; path = LogPlayerTests.swift; sourceTree = "<group>"; };
		4BEC48661D547CCB00DD061D /* Info.plist */ = {isa = PBXFileReference; lastKnownFileType = text.plist.xml; path = Info.plist; sourceTree = "<group>"; };
		4BEC486F1D547CDC00DD061D /* 1.txt */ = {isa = PBXFileReference; fileEncoding = 4; lastKnownFileType = text; name = 1.txt; path = "../../../../Library/Containers/com.tencent.xinWeChat/Data/Library/Application Support/Wechat/1.2/3d9f8b557d88bf30f26b6be394547ba8/Message/MessageTemp/2e7ab5255d19df7f5e6c7c273fb6c931/OpenData/1.txt"; sourceTree = "<group>"; };
		4BEC48711D547D4000DD061D /* MLLogParser.swift */ = {isa = PBXFileReference; fileEncoding = 4; lastKnownFileType = sourcecode.swift; path = MLLogParser.swift; sourceTree = "<group>"; };
		4BEC48731D547D5800DD061D /* MLLogPlayer.swift */ = {isa = PBXFileReference; fileEncoding = 4; lastKnownFileType = sourcecode.swift; path = MLLogPlayer.swift; sourceTree = "<group>"; };
		4BEC48751D54850200DD061D /* LogPlayer-Bridging-Header.h */ = {isa = PBXFileReference; lastKnownFileType = sourcecode.c.h; path = "LogPlayer-Bridging-Header.h"; sourceTree = "<group>"; };
		4BEC48791D54874900DD061D /* MyFstream.cpp */ = {isa = PBXFileReference; fileEncoding = 4; lastKnownFileType = sourcecode.cpp.cpp; path = MyFstream.cpp; sourceTree = "<group>"; };
		4BEC487A1D54874900DD061D /* MyFstream.h */ = {isa = PBXFileReference; fileEncoding = 4; lastKnownFileType = sourcecode.c.h; path = MyFstream.h; sourceTree = "<group>"; };
		4BEC487F1D5487C800DD061D /* MLFStream.h */ = {isa = PBXFileReference; fileEncoding = 4; lastKnownFileType = sourcecode.c.h; path = MLFStream.h; sourceTree = "<group>"; };
		4BEC48801D5487C800DD061D /* MLFStream.mm */ = {isa = PBXFileReference; fileEncoding = 4; lastKnownFileType = sourcecode.cpp.objcpp; path = MLFStream.mm; sourceTree = "<group>"; };
/* End PBXFileReference section */

/* Begin PBXFrameworksBuildPhase section */
		4BEC48491D547CCB00DD061D /* Frameworks */ = {
			isa = PBXFrameworksBuildPhase;
			buildActionMask = 2147483647;
			files = (
			);
			runOnlyForDeploymentPostprocessing = 0;
		};
		4BEC485D1D547CCB00DD061D /* Frameworks */ = {
			isa = PBXFrameworksBuildPhase;
			buildActionMask = 2147483647;
			files = (
			);
			runOnlyForDeploymentPostprocessing = 0;
		};
/* End PBXFrameworksBuildPhase section */

/* Begin PBXGroup section */
		4BEC48431D547CCB00DD061D = {
			isa = PBXGroup;
			children = (
				4BEC484E1D547CCB00DD061D /* LogPlayer */,
				4BEC48631D547CCB00DD061D /* LogPlayerTests */,
				4BEC484D1D547CCB00DD061D /* Products */,
			);
			sourceTree = "<group>";
		};
		4BEC484D1D547CCB00DD061D /* Products */ = {
			isa = PBXGroup;
			children = (
				4BEC484C1D547CCB00DD061D /* LogPlayer.app */,
				4BEC48601D547CCB00DD061D /* LogPlayerTests.xctest */,
			);
			name = Products;
			sourceTree = "<group>";
		};
		4BEC484E1D547CCB00DD061D /* LogPlayer */ = {
			isa = PBXGroup;
			children = (
				4BEC48791D54874900DD061D /* MyFstream.cpp */,
				4BEC487A1D54874900DD061D /* MyFstream.h */,
				4BEC486F1D547CDC00DD061D /* 1.txt */,
				4BEC484F1D547CCB00DD061D /* AppDelegate.swift */,
				4BEC48511D547CCB00DD061D /* ViewController.swift */,
				4BEC48531D547CCB00DD061D /* Main.storyboard */,
				4BEC48561D547CCB00DD061D /* Assets.xcassets */,
				4BEC48581D547CCB00DD061D /* LaunchScreen.storyboard */,
				4BEC485B1D547CCB00DD061D /* Info.plist */,
				4BEC48711D547D4000DD061D /* MLLogParser.swift */,
				4BEC48731D547D5800DD061D /* MLLogPlayer.swift */,
				4BEC48751D54850200DD061D /* LogPlayer-Bridging-Header.h */,
				4BEC487F1D5487C800DD061D /* MLFStream.h */,
				4BEC48801D5487C800DD061D /* MLFStream.mm */,
			);
			path = LogPlayer;
			sourceTree = "<group>";
		};
		4BEC48631D547CCB00DD061D /* LogPlayerTests */ = {
			isa = PBXGroup;
			children = (
				4BEC48641D547CCB00DD061D /* LogPlayerTests.swift */,
				4BEC48661D547CCB00DD061D /* Info.plist */,
			);
			path = LogPlayerTests;
			sourceTree = "<group>";
		};
/* End PBXGroup section */

/* Begin PBXNativeTarget section */
		4BEC484B1D547CCB00DD061D /* LogPlayer */ = {
			isa = PBXNativeTarget;
			buildConfigurationList = 4BEC48691D547CCB00DD061D /* Build configuration list for PBXNativeTarget "LogPlayer" */;
			buildPhases = (
				4BEC48481D547CCB00DD061D /* Sources */,
				4BEC48491D547CCB00DD061D /* Frameworks */,
				4BEC484A1D547CCB00DD061D /* Resources */,
			);
			buildRules = (
			);
			dependencies = (
			);
			name = LogPlayer;
			productName = LogPlayer;
			productReference = 4BEC484C1D547CCB00DD061D /* LogPlayer.app */;
			productType = "com.apple.product-type.application";
		};
		4BEC485F1D547CCB00DD061D /* LogPlayerTests */ = {
			isa = PBXNativeTarget;
			buildConfigurationList = 4BEC486C1D547CCB00DD061D /* Build configuration list for PBXNativeTarget "LogPlayerTests" */;
			buildPhases = (
				4BEC485C1D547CCB00DD061D /* Sources */,
				4BEC485D1D547CCB00DD061D /* Frameworks */,
				4BEC485E1D547CCB00DD061D /* Resources */,
			);
			buildRules = (
			);
			dependencies = (
				4BEC48621D547CCB00DD061D /* PBXTargetDependency */,
			);
			name = LogPlayerTests;
			productName = LogPlayerTests;
			productReference = 4BEC48601D547CCB00DD061D /* LogPlayerTests.xctest */;
			productType = "com.apple.product-type.bundle.unit-test";
		};
/* End PBXNativeTarget section */

/* Begin PBXProject section */
		4BEC48441D547CCB00DD061D /* Project object */ = {
			isa = PBXProject;
			attributes = {
				LastSwiftUpdateCheck = 0730;
				LastUpgradeCheck = 0730;
				ORGANIZATIONNAME = wolfpeng;
				TargetAttributes = {
					4BEC484B1D547CCB00DD061D = {
						CreatedOnToolsVersion = 7.3.1;
					};
					4BEC485F1D547CCB00DD061D = {
						CreatedOnToolsVersion = 7.3.1;
						TestTargetID = 4BEC484B1D547CCB00DD061D;
					};
				};
			};
			buildConfigurationList = 4BEC48471D547CCB00DD061D /* Build configuration list for PBXProject "LogPlayer" */;
			compatibilityVersion = "Xcode 3.2";
			developmentRegion = English;
			hasScannedForEncodings = 0;
			knownRegions = (
				en,
				Base,
			);
			mainGroup = 4BEC48431D547CCB00DD061D;
			productRefGroup = 4BEC484D1D547CCB00DD061D /* Products */;
			projectDirPath = "";
			projectRoot = "";
			targets = (
				4BEC484B1D547CCB00DD061D /* LogPlayer */,
				4BEC485F1D547CCB00DD061D /* LogPlayerTests */,
			);
		};
/* End PBXProject section */

/* Begin PBXResourcesBuildPhase section */
		4BEC484A1D547CCB00DD061D /* Resources */ = {
			isa = PBXResourcesBuildPhase;
			buildActionMask = 2147483647;
			files = (
				4BEC48701D547CDC00DD061D /* 1.txt in Resources */,
				4BEC485A1D547CCB00DD061D /* LaunchScreen.storyboard in Resources */,
				4BEC48571D547CCB00DD061D /* Assets.xcassets in Resources */,
				4BEC48551D547CCB00DD061D /* Main.storyboard in Resources */,
			);
			runOnlyForDeploymentPostprocessing = 0;
		};
		4BEC485E1D547CCB00DD061D /* Resources */ = {
			isa = PBXResourcesBuildPhase;
			buildActionMask = 2147483647;
			files = (
			);
			runOnlyForDeploymentPostprocessing = 0;
		};
/* End PBXResourcesBuildPhase section */

/* Begin PBXSourcesBuildPhase section */
		4BEC48481D547CCB00DD061D /* Sources */ = {
			isa = PBXSourcesBuildPhase;
			buildActionMask = 2147483647;
			files = (
				4BEC487D1D54874900DD061D /* MyFstream.cpp in Sources */,
				4BEC48521D547CCB00DD061D /* ViewController.swift in Sources */,
				4BEC48741D547D5800DD061D /* MLLogPlayer.swift in Sources */,
				4BEC48811D5487C800DD061D /* MLFStream.mm in Sources */,
				4BEC48721D547D4000DD061D /* MLLogParser.swift in Sources */,
				4BEC48501D547CCB00DD061D /* AppDelegate.swift in Sources */,
			);
			runOnlyForDeploymentPostprocessing = 0;
		};
		4BEC485C1D547CCB00DD061D /* Sources */ = {
			isa = PBXSourcesBuildPhase;
			buildActionMask = 2147483647;
			files = (
				4BEC48651D547CCB00DD061D /* LogPlayerTests.swift in Sources */,
			);
			runOnlyForDeploymentPostprocessing = 0;
		};
/* End PBXSourcesBuildPhase section */

/* Begin PBXTargetDependency section */
		4BEC48621D547CCB00DD061D /* PBXTargetDependency */ = {
			isa = PBXTargetDependency;
			target = 4BEC484B1D547CCB00DD061D /* LogPlayer */;
			targetProxy = 4BEC48611D547CCB00DD061D /* PBXContainerItemProxy */;
		};
/* End PBXTargetDependency section */

/* Begin PBXVariantGroup section */
		4BEC48531D547CCB00DD061D /* Main.storyboard */ = {
			isa = PBXVariantGroup;
			children = (
				4BEC48541D547CCB00DD061D /* Base */,
			);
			name = Main.storyboard;
			sourceTree = "<group>";
		};
		4BEC48581D547CCB00DD061D /* LaunchScreen.storyboard */ = {
			isa = PBXVariantGroup;
			children = (
				4BEC48591D547CCB00DD061D /* Base */,
			);
			name = LaunchScreen.storyboard;
			sourceTree = "<group>";
		};
/* End PBXVariantGroup section */

/* Begin XCBuildConfiguration section */
		4BEC48671D547CCB00DD061D /* Debug */ = {
			isa = XCBuildConfiguration;
			buildSettings = {
				ALWAYS_SEARCH_USER_PATHS = NO;
				CLANG_ANALYZER_NONNULL = YES;
				CLANG_CXX_LANGUAGE_STANDARD = "gnu++0x";
				CLANG_CXX_LIBRARY = "libc++";
				CLANG_ENABLE_MODULES = YES;
				CLANG_ENABLE_OBJC_ARC = YES;
				CLANG_WARN_BOOL_CONVERSION = YES;
				CLANG_WARN_CONSTANT_CONVERSION = YES;
				CLANG_WARN_DIRECT_OBJC_ISA_USAGE = YES_ERROR;
				CLANG_WARN_EMPTY_BODY = YES;
				CLANG_WARN_ENUM_CONVERSION = YES;
				CLANG_WARN_INT_CONVERSION = YES;
				CLANG_WARN_OBJC_ROOT_CLASS = YES_ERROR;
				CLANG_WARN_UNREACHABLE_CODE = YES;
				CLANG_WARN__DUPLICATE_METHOD_MATCH = YES;
				"CODE_SIGN_IDENTITY[sdk=iphoneos*]" = "iPhone Developer";
				COPY_PHASE_STRIP = NO;
				DEBUG_INFORMATION_FORMAT = dwarf;
				ENABLE_STRICT_OBJC_MSGSEND = YES;
				ENABLE_TESTABILITY = YES;
				GCC_C_LANGUAGE_STANDARD = gnu99;
				GCC_DYNAMIC_NO_PIC = NO;
				GCC_NO_COMMON_BLOCKS = YES;
				GCC_OPTIMIZATION_LEVEL = 0;
				GCC_PREPROCESSOR_DEFINITIONS = (
					"DEBUG=1",
					"$(inherited)",
				);
				GCC_WARN_64_TO_32_BIT_CONVERSION = YES;
				GCC_WARN_ABOUT_RETURN_TYPE = YES_ERROR;
				GCC_WARN_UNDECLARED_SELECTOR = YES;
				GCC_WARN_UNINITIALIZED_AUTOS = YES_AGGRESSIVE;
				GCC_WARN_UNUSED_FUNCTION = YES;
				GCC_WARN_UNUSED_VARIABLE = YES;
				IPHONEOS_DEPLOYMENT_TARGET = 9.3;
				MTL_ENABLE_DEBUG_INFO = YES;
				ONLY_ACTIVE_ARCH = YES;
				SDKROOT = iphoneos;
				SWIFT_OPTIMIZATION_LEVEL = "-Onone";
				TARGETED_DEVICE_FAMILY = "1,2";
			};
			name = Debug;
		};
		4BEC48681D547CCB00DD061D /* Release */ = {
			isa = XCBuildConfiguration;
			buildSettings = {
				ALWAYS_SEARCH_USER_PATHS = NO;
				CLANG_ANALYZER_NONNULL = YES;
				CLANG_CXX_LANGUAGE_STANDARD = "gnu++0x";
				CLANG_CXX_LIBRARY = "libc++";
				CLANG_ENABLE_MODULES = YES;
				CLANG_ENABLE_OBJC_ARC = YES;
				CLANG_WARN_BOOL_CONVERSION = YES;
				CLANG_WARN_CONSTANT_CONVERSION = YES;
				CLANG_WARN_DIRECT_OBJC_ISA_USAGE = YES_ERROR;
				CLANG_WARN_EMPTY_BODY = YES;
				CLANG_WARN_ENUM_CONVERSION = YES;
				CLANG_WARN_INT_CONVERSION = YES;
				CLANG_WARN_OBJC_ROOT_CLASS = YES_ERROR;
				CLANG_WARN_UNREACHABLE_CODE = YES;
				CLANG_WARN__DUPLICATE_METHOD_MATCH = YES;
				"CODE_SIGN_IDENTITY[sdk=iphoneos*]" = "iPhone Developer";
				COPY_PHASE_STRIP = NO;
				DEBUG_INFORMATION_FORMAT = "dwarf-with-dsym";
				ENABLE_NS_ASSERTIONS = NO;
				ENABLE_STRICT_OBJC_MSGSEND = YES;
				GCC_C_LANGUAGE_STANDARD = gnu99;
				GCC_NO_COMMON_BLOCKS = YES;
				GCC_WARN_64_TO_32_BIT_CONVERSION = YES;
				GCC_WARN_ABOUT_RETURN_TYPE = YES_ERROR;
				GCC_WARN_UNDECLARED_SELECTOR = YES;
				GCC_WARN_UNINITIALIZED_AUTOS = YES_AGGRESSIVE;
				GCC_WARN_UNUSED_FUNCTION = YES;
				GCC_WARN_UNUSED_VARIABLE = YES;
				IPHONEOS_DEPLOYMENT_TARGET = 9.3;
				MTL_ENABLE_DEBUG_INFO = NO;
				SDKROOT = iphoneos;
				TARGETED_DEVICE_FAMILY = "1,2";
				VALIDATE_PRODUCT = YES;
			};
			name = Release;
		};
		4BEC486A1D547CCB00DD061D /* Debug */ = {
			isa = XCBuildConfiguration;
			buildSettings = {
				ASSETCATALOG_COMPILER_APPICON_NAME = AppIcon;
				CLANG_ENABLE_MODULES = YES;
				INFOPLIST_FILE = LogPlayer/Info.plist;
				LD_RUNPATH_SEARCH_PATHS = "$(inherited) @executable_path/Frameworks";
				PRODUCT_BUNDLE_IDENTIFIER = com.wolfpeng.LogPlayer;
				PRODUCT_NAME = "$(TARGET_NAME)";
				SWIFT_OBJC_BRIDGING_HEADER = "LogPlayer/LogPlayer-Bridging-Header.h";
				SWIFT_OPTIMIZATION_LEVEL = "-Onone";
			};
			name = Debug;
		};
		4BEC486B1D547CCB00DD061D /* Release */ = {
			isa = XCBuildConfiguration;
			buildSettings = {
				ASSETCATALOG_COMPILER_APPICON_NAME = AppIcon;
				CLANG_ENABLE_MODULES = YES;
				INFOPLIST_FILE = LogPlayer/Info.plist;
				LD_RUNPATH_SEARCH_PATHS = "$(inherited) @executable_path/Frameworks";
				PRODUCT_BUNDLE_IDENTIFIER = com.wolfpeng.LogPlayer;
				PRODUCT_NAME = "$(TARGET_NAME)";
				SWIFT_OBJC_BRIDGING_HEADER = "LogPlayer/LogPlayer-Bridging-Header.h";
			};
			name = Release;
		};
		4BEC486D1D547CCB00DD061D /* Debug */ = {
			isa = XCBuildConfiguration;
			buildSettings = {
				BUNDLE_LOADER = "$(TEST_HOST)";
				INFOPLIST_FILE = LogPlayerTests/Info.plist;
				LD_RUNPATH_SEARCH_PATHS = "$(inherited) @executable_path/Frameworks @loader_path/Frameworks";
				PRODUCT_BUNDLE_IDENTIFIER = com.wolfpeng.LogPlayerTests;
				PRODUCT_NAME = "$(TARGET_NAME)";
				TEST_HOST = "$(BUILT_PRODUCTS_DIR)/LogPlayer.app/LogPlayer";
			};
			name = Debug;
		};
		4BEC486E1D547CCB00DD061D /* Release */ = {
			isa = XCBuildConfiguration;
			buildSettings = {
				BUNDLE_LOADER = "$(TEST_HOST)";
				INFOPLIST_FILE = LogPlayerTests/Info.plist;
				LD_RUNPATH_SEARCH_PATHS = "$(inherited) @executable_path/Frameworks @loader_path/Frameworks";
				PRODUCT_BUNDLE_IDENTIFIER = com.wolfpeng.LogPlayerTests;
				PRODUCT_NAME = "$(TARGET_NAME)";
				TEST_HOST = "$(BUILT_PRODUCTS_DIR)/LogPlayer.app/LogPlayer";
			};
			name = Release;
		};
/* End XCBuildConfiguration section */

/* Begin XCConfigurationList section */
		4BEC48471D547CCB00DD061D /* Build configuration list for PBXProject "LogPlayer" */ = {
			isa = XCConfigurationList;
			buildConfigurations = (
				4BEC48671D547CCB00DD061D /* Debug */,
				4BEC48681D547CCB00DD061D /* Release */,
			);
			defaultConfigurationIsVisible = 0;
			defaultConfigurationName = Release;
		};
		4BEC48691D547CCB00DD061D /* Build configuration list for PBXNativeTarget "LogPlayer" */ = {
			isa = XCConfigurationList;
			buildConfigurations = (
				4BEC486A1D547CCB00DD061D /* Debug */,
				4BEC486B1D547CCB00DD061D /* Release */,
			);
			defaultConfigurationIsVisible = 0;
		};
		4BEC486C1D547CCB00DD061D /* Build configuration list for PBXNativeTarget "LogPlayerTests" */ = {
			isa = XCConfigurationList;
			buildConfigurations = (
				4BEC486D1D547CCB00DD061D /* Debug */,
				4BEC486E1D547CCB00DD061D /* Release */,
			);
			defaultConfigurationIsVisible = 0;
		};
/* End XCConfigurationList section */
	};
	rootObject = 4BEC48441D547CCB00DD061D /* Project object */;
}
