// !$*UTF8*$!
{
	archiveVersion = 1;
	classes = {
	};
	objectVersion = 46;
	objects = {

/* Begin PBXBuildFile section */
		4B1C573F1D3F813200C1384B /* AppDelegate.swift in Sources */ = {isa = PBXBuildFile; fileRef = 4B1C573E1D3F813200C1384B /* AppDelegate.swift */; };
		4B1C57411D3F813200C1384B /* ViewController.swift in Sources */ = {isa = PBXBuildFile; fileRef = 4B1C57401D3F813200C1384B /* ViewController.swift */; };
		4B1C57441D3F813200C1384B /* Main.storyboard in Resources */ = {isa = PBXBuildFile; fileRef = 4B1C57421D3F813200C1384B /* Main.storyboard */; };
		4B1C57461D3F813200C1384B /* Assets.xcassets in Resources */ = {isa = PBXBuildFile; fileRef = 4B1C57451D3F813200C1384B /* Assets.xcassets */; };
		4B1C57491D3F813200C1384B /* LaunchScreen.storyboard in Resources */ = {isa = PBXBuildFile; fileRef = 4B1C57471D3F813200C1384B /* LaunchScreen.storyboard */; };
		4B1C57541D3F813200C1384B /* ReactiveCocoaDemoTests.swift in Sources */ = {isa = PBXBuildFile; fileRef = 4B1C57531D3F813200C1384B /* ReactiveCocoaDemoTests.swift */; };
		99A1BCDA86C32645A27077D4 /* Pods_ReactiveCocoaDemo.framework in Frameworks */ = {isa = PBXBuildFile; fileRef = C6D1131D29D21814FE4C20AB /* Pods_ReactiveCocoaDemo.framework */; };
/* End PBXBuildFile section */

/* Begin PBXContainerItemProxy section */
		4B1C57501D3F813200C1384B /* PBXContainerItemProxy */ = {
			isa = PBXContainerItemProxy;
			containerPortal = 4B1C57331D3F813200C1384B /* Project object */;
			proxyType = 1;
			remoteGlobalIDString = 4B1C573A1D3F813200C1384B;
			remoteInfo = ReactiveCocoaDemo;
		};
/* End PBXContainerItemProxy section */

/* Begin PBXFileReference section */
		3CB3DC00A68A99E2E83C16E5 /* Pods-ReactiveCocoaDemo.debug.xcconfig */ = {isa = PBXFileReference; includeInIndex = 1; lastKnownFileType = text.xcconfig; name = "Pods-ReactiveCocoaDemo.debug.xcconfig"; path = "Pods/Target Support Files/Pods-ReactiveCocoaDemo/Pods-ReactiveCocoaDemo.debug.xcconfig"; sourceTree = "<group>"; };
		4B1C573B1D3F813200C1384B /* ReactiveCocoaDemo.app */ = {isa = PBXFileReference; explicitFileType = wrapper.application; includeInIndex = 0; path = ReactiveCocoaDemo.app; sourceTree = BUILT_PRODUCTS_DIR; };
		4B1C573E1D3F813200C1384B /* AppDelegate.swift */ = {isa = PBXFileReference; lastKnownFileType = sourcecode.swift; path = AppDelegate.swift; sourceTree = "<group>"; };
		4B1C57401D3F813200C1384B /* ViewController.swift */ = {isa = PBXFileReference; lastKnownFileType = sourcecode.swift; path = ViewController.swift; sourceTree = "<group>"; };
		4B1C57431D3F813200C1384B /* Base */ = {isa = PBXFileReference; lastKnownFileType = file.storyboard; name = Base; path = Base.lproj/Main.storyboard; sourceTree = "<group>"; };
		4B1C57451D3F813200C1384B /* Assets.xcassets */ = {isa = PBXFileReference; lastKnownFileType = folder.assetcatalog; path = Assets.xcassets; sourceTree = "<group>"; };
		4B1C57481D3F813200C1384B /* Base */ = {isa = PBXFileReference; lastKnownFileType = file.storyboard; name = Base; path = Base.lproj/LaunchScreen.storyboard; sourceTree = "<group>"; };
		4B1C574A1D3F813200C1384B /* Info.plist */ = {isa = PBXFileReference; lastKnownFileType = text.plist.xml; path = Info.plist; sourceTree = "<group>"; };
		4B1C574F1D3F813200C1384B /* ReactiveCocoaDemoTests.xctest */ = {isa = PBXFileReference; explicitFileType = wrapper.cfbundle; includeInIndex = 0; path = ReactiveCocoaDemoTests.xctest; sourceTree = BUILT_PRODUCTS_DIR; };
		4B1C57531D3F813200C1384B /* ReactiveCocoaDemoTests.swift */ = {isa = PBXFileReference; lastKnownFileType = sourcecode.swift; path = ReactiveCocoaDemoTests.swift; sourceTree = "<group>"; };
		4B1C57551D3F813200C1384B /* Info.plist */ = {isa = PBXFileReference; lastKnownFileType = text.plist.xml; path = Info.plist; sourceTree = "<group>"; };
		4B3D34699373C4154B47F5D5 /* Pods-ReactiveCocoaDemo.release.xcconfig */ = {isa = PBXFileReference; includeInIndex = 1; lastKnownFileType = text.xcconfig; name = "Pods-ReactiveCocoaDemo.release.xcconfig"; path = "Pods/Target Support Files/Pods-ReactiveCocoaDemo/Pods-ReactiveCocoaDemo.release.xcconfig"; sourceTree = "<group>"; };
		C6D1131D29D21814FE4C20AB /* Pods_ReactiveCocoaDemo.framework */ = {isa = PBXFileReference; explicitFileType = wrapper.framework; includeInIndex = 0; path = Pods_ReactiveCocoaDemo.framework; sourceTree = BUILT_PRODUCTS_DIR; };
/* End PBXFileReference section */

/* Begin PBXFrameworksBuildPhase section */
		4B1C57381D3F813200C1384B /* Frameworks */ = {
			isa = PBXFrameworksBuildPhase;
			buildActionMask = 2147483647;
			files = (
				99A1BCDA86C32645A27077D4 /* Pods_ReactiveCocoaDemo.framework in Frameworks */,
			);
			runOnlyForDeploymentPostprocessing = 0;
		};
		4B1C574C1D3F813200C1384B /* Frameworks */ = {
			isa = PBXFrameworksBuildPhase;
			buildActionMask = 2147483647;
			files = (
			);
			runOnlyForDeploymentPostprocessing = 0;
		};
/* End PBXFrameworksBuildPhase section */

/* Begin PBXGroup section */
		4B1C57321D3F813200C1384B = {
			isa = PBXGroup;
			children = (
				4B1C573D1D3F813200C1384B /* ReactiveCocoaDemo */,
				4B1C57521D3F813200C1384B /* ReactiveCocoaDemoTests */,
				4B1C573C1D3F813200C1384B /* Products */,
				F52ED10E68F53A83F4B5B23A /* Pods */,
				6F64CAE1B2EF484761A95905 /* Frameworks */,
			);
			sourceTree = "<group>";
		};
		4B1C573C1D3F813200C1384B /* Products */ = {
			isa = PBXGroup;
			children = (
				4B1C573B1D3F813200C1384B /* ReactiveCocoaDemo.app */,
				4B1C574F1D3F813200C1384B /* ReactiveCocoaDemoTests.xctest */,
			);
			name = Products;
			sourceTree = "<group>";
		};
		4B1C573D1D3F813200C1384B /* ReactiveCocoaDemo */ = {
			isa = PBXGroup;
			children = (
				4B1C573E1D3F813200C1384B /* AppDelegate.swift */,
				4B1C57401D3F813200C1384B /* ViewController.swift */,
				4B1C57421D3F813200C1384B /* Main.storyboard */,
				4B1C57451D3F813200C1384B /* Assets.xcassets */,
				4B1C57471D3F813200C1384B /* LaunchScreen.storyboard */,
				4B1C574A1D3F813200C1384B /* Info.plist */,
			);
			path = ReactiveCocoaDemo;
			sourceTree = "<group>";
		};
		4B1C57521D3F813200C1384B /* ReactiveCocoaDemoTests */ = {
			isa = PBXGroup;
			children = (
				4B1C57531D3F813200C1384B /* ReactiveCocoaDemoTests.swift */,
				4B1C57551D3F813200C1384B /* Info.plist */,
			);
			path = ReactiveCocoaDemoTests;
			sourceTree = "<group>";
		};
		6F64CAE1B2EF484761A95905 /* Frameworks */ = {
			isa = PBXGroup;
			children = (
				C6D1131D29D21814FE4C20AB /* Pods_ReactiveCocoaDemo.framework */,
			);
			name = Frameworks;
			sourceTree = "<group>";
		};
		F52ED10E68F53A83F4B5B23A /* Pods */ = {
			isa = PBXGroup;
			children = (
				3CB3DC00A68A99E2E83C16E5 /* Pods-ReactiveCocoaDemo.debug.xcconfig */,
				4B3D34699373C4154B47F5D5 /* Pods-ReactiveCocoaDemo.release.xcconfig */,
			);
			name = Pods;
			sourceTree = "<group>";
		};
/* End PBXGroup section */

/* Begin PBXNativeTarget section */
		4B1C573A1D3F813200C1384B /* ReactiveCocoaDemo */ = {
			isa = PBXNativeTarget;
			buildConfigurationList = 4B1C57581D3F813200C1384B /* Build configuration list for PBXNativeTarget "ReactiveCocoaDemo" */;
			buildPhases = (
				6355707D04906A3E4DFF8A2A /* [CP] Check Pods Manifest.lock */,
				4B1C57371D3F813200C1384B /* Sources */,
				4B1C57381D3F813200C1384B /* Frameworks */,
				4B1C57391D3F813200C1384B /* Resources */,
				073D4C227CA064C39871718D /* [CP] Embed Pods Frameworks */,
				5FED3FE9D480627B82178E61 /* [CP] Copy Pods Resources */,
			);
			buildRules = (
			);
			dependencies = (
			);
			name = ReactiveCocoaDemo;
			productName = ReactiveCocoaDemo;
			productReference = 4B1C573B1D3F813200C1384B /* ReactiveCocoaDemo.app */;
			productType = "com.apple.product-type.application";
		};
		4B1C574E1D3F813200C1384B /* ReactiveCocoaDemoTests */ = {
			isa = PBXNativeTarget;
			buildConfigurationList = 4B1C575B1D3F813200C1384B /* Build configuration list for PBXNativeTarget "ReactiveCocoaDemoTests" */;
			buildPhases = (
				4B1C574B1D3F813200C1384B /* Sources */,
				4B1C574C1D3F813200C1384B /* Frameworks */,
				4B1C574D1D3F813200C1384B /* Resources */,
			);
			buildRules = (
			);
			dependencies = (
				4B1C57511D3F813200C1384B /* PBXTargetDependency */,
			);
			name = ReactiveCocoaDemoTests;
			productName = ReactiveCocoaDemoTests;
			productReference = 4B1C574F1D3F813200C1384B /* ReactiveCocoaDemoTests.xctest */;
			productType = "com.apple.product-type.bundle.unit-test";
		};
/* End PBXNativeTarget section */

/* Begin PBXProject section */
		4B1C57331D3F813200C1384B /* Project object */ = {
			isa = PBXProject;
			attributes = {
				LastSwiftUpdateCheck = 0730;
				LastUpgradeCheck = 0730;
				ORGANIZATIONNAME = wolfpeng;
				TargetAttributes = {
					4B1C573A1D3F813200C1384B = {
						CreatedOnToolsVersion = 7.3.1;
						DevelopmentTeam = 3FQZ84DGYW;
					};
					4B1C574E1D3F813200C1384B = {
						CreatedOnToolsVersion = 7.3.1;
						TestTargetID = 4B1C573A1D3F813200C1384B;
					};
				};
			};
			buildConfigurationList = 4B1C57361D3F813200C1384B /* Build configuration list for PBXProject "ReactiveCocoaDemo" */;
			compatibilityVersion = "Xcode 3.2";
			developmentRegion = English;
			hasScannedForEncodings = 0;
			knownRegions = (
				en,
				Base,
			);
			mainGroup = 4B1C57321D3F813200C1384B;
			productRefGroup = 4B1C573C1D3F813200C1384B /* Products */;
			projectDirPath = "";
			projectRoot = "";
			targets = (
				4B1C573A1D3F813200C1384B /* ReactiveCocoaDemo */,
				4B1C574E1D3F813200C1384B /* ReactiveCocoaDemoTests */,
			);
		};
/* End PBXProject section */

/* Begin PBXResourcesBuildPhase section */
		4B1C57391D3F813200C1384B /* Resources */ = {
			isa = PBXResourcesBuildPhase;
			buildActionMask = 2147483647;
			files = (
				4B1C57491D3F813200C1384B /* LaunchScreen.storyboard in Resources */,
				4B1C57461D3F813200C1384B /* Assets.xcassets in Resources */,
				4B1C57441D3F813200C1384B /* Main.storyboard in Resources */,
			);
			runOnlyForDeploymentPostprocessing = 0;
		};
		4B1C574D1D3F813200C1384B /* Resources */ = {
			isa = PBXResourcesBuildPhase;
			buildActionMask = 2147483647;
			files = (
			);
			runOnlyForDeploymentPostprocessing = 0;
		};
/* End PBXResourcesBuildPhase section */

/* Begin PBXShellScriptBuildPhase section */
		073D4C227CA064C39871718D /* [CP] Embed Pods Frameworks */ = {
			isa = PBXShellScriptBuildPhase;
			buildActionMask = 2147483647;
			files = (
			);
			inputPaths = (
			);
			name = "[CP] Embed Pods Frameworks";
			outputPaths = (
			);
			runOnlyForDeploymentPostprocessing = 0;
			shellPath = /bin/sh;
			shellScript = "\"${SRCROOT}/Pods/Target Support Files/Pods-ReactiveCocoaDemo/Pods-ReactiveCocoaDemo-frameworks.sh\"\n";
			showEnvVarsInLog = 0;
		};
		5FED3FE9D480627B82178E61 /* [CP] Copy Pods Resources */ = {
			isa = PBXShellScriptBuildPhase;
			buildActionMask = 2147483647;
			files = (
			);
			inputPaths = (
			);
			name = "[CP] Copy Pods Resources";
			outputPaths = (
			);
			runOnlyForDeploymentPostprocessing = 0;
			shellPath = /bin/sh;
			shellScript = "\"${SRCROOT}/Pods/Target Support Files/Pods-ReactiveCocoaDemo/Pods-ReactiveCocoaDemo-resources.sh\"\n";
			showEnvVarsInLog = 0;
		};
		6355707D04906A3E4DFF8A2A /* [CP] Check Pods Manifest.lock */ = {
			isa = PBXShellScriptBuildPhase;
			buildActionMask = 2147483647;
			files = (
			);
			inputPaths = (
			);
			name = "[CP] Check Pods Manifest.lock";
			outputPaths = (
			);
			runOnlyForDeploymentPostprocessing = 0;
			shellPath = /bin/sh;
			shellScript = "diff \"${PODS_ROOT}/../Podfile.lock\" \"${PODS_ROOT}/Manifest.lock\" > /dev/null\nif [[ $? != 0 ]] ; then\n    cat << EOM\nerror: The sandbox is not in sync with the Podfile.lock. Run 'pod install' or update your CocoaPods installation.\nEOM\n    exit 1\nfi\n";
			showEnvVarsInLog = 0;
		};
/* End PBXShellScriptBuildPhase section */

/* Begin PBXSourcesBuildPhase section */
		4B1C57371D3F813200C1384B /* Sources */ = {
			isa = PBXSourcesBuildPhase;
			buildActionMask = 2147483647;
			files = (
				4B1C57411D3F813200C1384B /* ViewController.swift in Sources */,
				4B1C573F1D3F813200C1384B /* AppDelegate.swift in Sources */,
			);
			runOnlyForDeploymentPostprocessing = 0;
		};
		4B1C574B1D3F813200C1384B /* Sources */ = {
			isa = PBXSourcesBuildPhase;
			buildActionMask = 2147483647;
			files = (
				4B1C57541D3F813200C1384B /* ReactiveCocoaDemoTests.swift in Sources */,
			);
			runOnlyForDeploymentPostprocessing = 0;
		};
/* End PBXSourcesBuildPhase section */

/* Begin PBXTargetDependency section */
		4B1C57511D3F813200C1384B /* PBXTargetDependency */ = {
			isa = PBXTargetDependency;
			target = 4B1C573A1D3F813200C1384B /* ReactiveCocoaDemo */;
			targetProxy = 4B1C57501D3F813200C1384B /* PBXContainerItemProxy */;
		};
/* End PBXTargetDependency section */

/* Begin PBXVariantGroup section */
		4B1C57421D3F813200C1384B /* Main.storyboard */ = {
			isa = PBXVariantGroup;
			children = (
				4B1C57431D3F813200C1384B /* Base */,
			);
			name = Main.storyboard;
			sourceTree = "<group>";
		};
		4B1C57471D3F813200C1384B /* LaunchScreen.storyboard */ = {
			isa = PBXVariantGroup;
			children = (
				4B1C57481D3F813200C1384B /* Base */,
			);
			name = LaunchScreen.storyboard;
			sourceTree = "<group>";
		};
/* End PBXVariantGroup section */

/* Begin XCBuildConfiguration section */
		4B1C57561D3F813200C1384B /* Debug */ = {
			isa = XCBuildConfiguration;
			buildSettings = {
				ALWAYS_SEARCH_USER_PATHS = NO;
				CLANG_ANALYZER_NONNULL = YES;
				CLANG_CXX_LANGUAGE_STANDARD = "gnu++0x";
				CLANG_CXX_LIBRARY = "libc++";
				CLANG_ENABLE_MODULES = YES;
				CLANG_ENABLE_OBJC_ARC = YES;
				CLANG_WARN_BOOL_CONVERSION = YES;
				CLANG_WARN_CONSTANT_CONVERSION = YES;
				CLANG_WARN_DIRECT_OBJC_ISA_USAGE = YES_ERROR;
				CLANG_WARN_EMPTY_BODY = YES;
				CLANG_WARN_ENUM_CONVERSION = YES;
				CLANG_WARN_INT_CONVERSION = YES;
				CLANG_WARN_OBJC_ROOT_CLASS = YES_ERROR;
				CLANG_WARN_UNREACHABLE_CODE = YES;
				CLANG_WARN__DUPLICATE_METHOD_MATCH = YES;
				"CODE_SIGN_IDENTITY[sdk=iphoneos*]" = "iPhone Developer";
				COPY_PHASE_STRIP = NO;
				DEBUG_INFORMATION_FORMAT = dwarf;
				ENABLE_STRICT_OBJC_MSGSEND = YES;
				ENABLE_TESTABILITY = YES;
				GCC_C_LANGUAGE_STANDARD = gnu99;
				GCC_DYNAMIC_NO_PIC = NO;
				GCC_NO_COMMON_BLOCKS = YES;
				GCC_OPTIMIZATION_LEVEL = 0;
				GCC_PREPROCESSOR_DEFINITIONS = (
					"DEBUG=1",
					"$(inherited)",
				);
				GCC_WARN_64_TO_32_BIT_CONVERSION = YES;
				GCC_WARN_ABOUT_RETURN_TYPE = YES_ERROR;
				GCC_WARN_UNDECLARED_SELECTOR = YES;
				GCC_WARN_UNINITIALIZED_AUTOS = YES_AGGRESSIVE;
				GCC_WARN_UNUSED_FUNCTION = YES;
				GCC_WARN_UNUSED_VARIABLE = YES;
				IPHONEOS_DEPLOYMENT_TARGET = 9.3;
				MTL_ENABLE_DEBUG_INFO = YES;
				ONLY_ACTIVE_ARCH = YES;
				SDKROOT = iphoneos;
				SWIFT_OPTIMIZATION_LEVEL = "-Onone";
				TARGETED_DEVICE_FAMILY = "1,2";
			};
			name = Debug;
		};
		4B1C57571D3F813200C1384B /* Release */ = {
			isa = XCBuildConfiguration;
			buildSettings = {
				ALWAYS_SEARCH_USER_PATHS = NO;
				CLANG_ANALYZER_NONNULL = YES;
				CLANG_CXX_LANGUAGE_STANDARD = "gnu++0x";
				CLANG_CXX_LIBRARY = "libc++";
				CLANG_ENABLE_MODULES = YES;
				CLANG_ENABLE_OBJC_ARC = YES;
				CLANG_WARN_BOOL_CONVERSION = YES;
				CLANG_WARN_CONSTANT_CONVERSION = YES;
				CLANG_WARN_DIRECT_OBJC_ISA_USAGE = YES_ERROR;
				CLANG_WARN_EMPTY_BODY = YES;
				CLANG_WARN_ENUM_CONVERSION = YES;
				CLANG_WARN_INT_CONVERSION = YES;
				CLANG_WARN_OBJC_ROOT_CLASS = YES_ERROR;
				CLANG_WARN_UNREACHABLE_CODE = YES;
				CLANG_WARN__DUPLICATE_METHOD_MATCH = YES;
				"CODE_SIGN_IDENTITY[sdk=iphoneos*]" = "iPhone Developer";
				COPY_PHASE_STRIP = NO;
				DEBUG_INFORMATION_FORMAT = "dwarf-with-dsym";
				ENABLE_NS_ASSERTIONS = NO;
				ENABLE_STRICT_OBJC_MSGSEND = YES;
				GCC_C_LANGUAGE_STANDARD = gnu99;
				GCC_NO_COMMON_BLOCKS = YES;
				GCC_WARN_64_TO_32_BIT_CONVERSION = YES;
				GCC_WARN_ABOUT_RETURN_TYPE = YES_ERROR;
				GCC_WARN_UNDECLARED_SELECTOR = YES;
				GCC_WARN_UNINITIALIZED_AUTOS = YES_AGGRESSIVE;
				GCC_WARN_UNUSED_FUNCTION = YES;
				GCC_WARN_UNUSED_VARIABLE = YES;
				IPHONEOS_DEPLOYMENT_TARGET = 9.3;
				MTL_ENABLE_DEBUG_INFO = NO;
				SDKROOT = iphoneos;
				TARGETED_DEVICE_FAMILY = "1,2";
				VALIDATE_PRODUCT = YES;
			};
			name = Release;
		};
		4B1C57591D3F813200C1384B /* Debug */ = {
			isa = XCBuildConfiguration;
			baseConfigurationReference = 3CB3DC00A68A99E2E83C16E5 /* Pods-ReactiveCocoaDemo.debug.xcconfig */;
			buildSettings = {
				ASSETCATALOG_COMPILER_APPICON_NAME = AppIcon;
				CODE_SIGN_IDENTITY = "iPhone Developer";
				INFOPLIST_FILE = ReactiveCocoaDemo/Info.plist;
				LD_RUNPATH_SEARCH_PATHS = "$(inherited) @executable_path/Frameworks";
				PRODUCT_BUNDLE_IDENTIFIER = com.wolfpeng.ReactiveCocoaDemo;
				PRODUCT_NAME = "$(TARGET_NAME)";
			};
			name = Debug;
		};
		4B1C575A1D3F813200C1384B /* Release */ = {
			isa = XCBuildConfiguration;
			baseConfigurationReference = 4B3D34699373C4154B47F5D5 /* Pods-ReactiveCocoaDemo.release.xcconfig */;
			buildSettings = {
				ASSETCATALOG_COMPILER_APPICON_NAME = AppIcon;
				CODE_SIGN_IDENTITY = "iPhone Developer";
				INFOPLIST_FILE = ReactiveCocoaDemo/Info.plist;
				LD_RUNPATH_SEARCH_PATHS = "$(inherited) @executable_path/Frameworks";
				PRODUCT_BUNDLE_IDENTIFIER = com.wolfpeng.ReactiveCocoaDemo;
				PRODUCT_NAME = "$(TARGET_NAME)";
			};
			name = Release;
		};
		4B1C575C1D3F813200C1384B /* Debug */ = {
			isa = XCBuildConfiguration;
			buildSettings = {
				BUNDLE_LOADER = "$(TEST_HOST)";
				INFOPLIST_FILE = ReactiveCocoaDemoTests/Info.plist;
				LD_RUNPATH_SEARCH_PATHS = "$(inherited) @executable_path/Frameworks @loader_path/Frameworks";
				PRODUCT_BUNDLE_IDENTIFIER = com.wolfpeng.ReactiveCocoaDemoTests;
				PRODUCT_NAME = "$(TARGET_NAME)";
				TEST_HOST = "$(BUILT_PRODUCTS_DIR)/ReactiveCocoaDemo.app/ReactiveCocoaDemo";
			};
			name = Debug;
		};
		4B1C575D1D3F813200C1384B /* Release */ = {
			isa = XCBuildConfiguration;
			buildSettings = {
				BUNDLE_LOADER = "$(TEST_HOST)";
				INFOPLIST_FILE = ReactiveCocoaDemoTests/Info.plist;
				LD_RUNPATH_SEARCH_PATHS = "$(inherited) @executable_path/Frameworks @loader_path/Frameworks";
				PRODUCT_BUNDLE_IDENTIFIER = com.wolfpeng.ReactiveCocoaDemoTests;
				PRODUCT_NAME = "$(TARGET_NAME)";
				TEST_HOST = "$(BUILT_PRODUCTS_DIR)/ReactiveCocoaDemo.app/ReactiveCocoaDemo";
			};
			name = Release;
		};
/* End XCBuildConfiguration section */

/* Begin XCConfigurationList section */
		4B1C57361D3F813200C1384B /* Build configuration list for PBXProject "ReactiveCocoaDemo" */ = {
			isa = XCConfigurationList;
			buildConfigurations = (
				4B1C57561D3F813200C1384B /* Debug */,
				4B1C57571D3F813200C1384B /* Release */,
			);
			defaultConfigurationIsVisible = 0;
			defaultConfigurationName = Release;
		};
		4B1C57581D3F813200C1384B /* Build configuration list for PBXNativeTarget "ReactiveCocoaDemo" */ = {
			isa = XCConfigurationList;
			buildConfigurations = (
				4B1C57591D3F813200C1384B /* Debug */,
				4B1C575A1D3F813200C1384B /* Release */,
			);
			defaultConfigurationIsVisible = 0;
			defaultConfigurationName = Release;
		};
		4B1C575B1D3F813200C1384B /* Build configuration list for PBXNativeTarget "ReactiveCocoaDemoTests" */ = {
			isa = XCConfigurationList;
			buildConfigurations = (
				4B1C575C1D3F813200C1384B /* Debug */,
				4B1C575D1D3F813200C1384B /* Release */,
			);
			defaultConfigurationIsVisible = 0;
			defaultConfigurationName = Release;
		};
/* End XCConfigurationList section */
	};
	rootObject = 4B1C57331D3F813200C1384B /* Project object */;
}
